
Microsoft Visual Studio Solution File, Format Version 12.00
# Visual Studio 15
VisualStudioVersion = 15.0.27428.2005
MinimumVisualStudioVersion = 10.0.40219.1
Project("{FAE04EC0-301F-11D3-BF4B-00C04F79EFBC}") = "Dwarf.WebApi", "Dwarf.WebApi\Dwarf.WebApi.csproj", "{F314A3CD-5881-408B-9B53-573B8560F0CA}"
EndProject
Global
	GlobalSection(SolutionConfigurationPlatforms) = preSolution
		Debug|Any CPU = Debug|Any CPU
		Release|Any CPU = Release|Any CPU
	EndGlobalSection
	GlobalSection(ProjectConfigurationPlatforms) = postSolution
		{F314A3CD-5881-408B-9B53-573B8560F0CA}.Debug|Any CPU.ActiveCfg = Debug|Any CPU
		{F314A3CD-5881-408B-9B53-573B8560F0CA}.Debug|Any CPU.Build.0 = Debug|Any CPU
		{F314A3CD-5881-408B-9B53-573B8560F0CA}.Release|Any CPU.ActiveCfg = Release|Any CPU
		{F314A3CD-5881-408B-9B53-573B8560F0CA}.Release|Any CPU.Build.0 = Release|Any CPU
	EndGlobalSection
	GlobalSection(SolutionProperties) = preSolution
		HideSolutionNode = FALSE
	EndGlobalSection
	GlobalSection(ExtensibilityGlobals) = postSolution
		SolutionGuid = {20776B34-7D20-473D-878D-3448CF4FDDA7}
	EndGlobalSection
EndGlobal
